
Microsoft Visual Studio Solution File, Format Version 12.00
# Visual Studio Version 16
VisualStudioVersion = 16.0.30907.101
MinimumVisualStudioVersion = 10.0.40219.1
Project("{9A19103F-16F7-4668-BE54-9A1E7A4F7556}") = "Practica4", "Practica4.csproj", "{9F0781D4-4858-4C6B-9281-1B53C390545E}"
EndProject
Project("{FAE04EC0-301F-11D3-BF4B-00C04F79EFBC}") = "Logic", "..\Logic\Logic.csproj", "{8D4A3D7C-BDBE-43B8-8F78-F7214BDFA7A9}"
EndProject
Global
	GlobalSection(SolutionConfigurationPlatforms) = preSolution
		Debug|Any CPU = Debug|Any CPU
		Release|Any CPU = Release|Any CPU
	EndGlobalSection
	GlobalSection(ProjectConfigurationPlatforms) = postSolution
		{9F0781D4-4858-4C6B-9281-1B53C390545E}.Debug|Any CPU.ActiveCfg = Debug|Any CPU
		{9F0781D4-4858-4C6B-9281-1B53C390545E}.Debug|Any CPU.Build.0 = Debug|Any CPU
		{9F0781D4-4858-4C6B-9281-1B53C390545E}.Release|Any CPU.ActiveCfg = Release|Any CPU
		{9F0781D4-4858-4C6B-9281-1B53C390545E}.Release|Any CPU.Build.0 = Release|Any CPU
		{8D4A3D7C-BDBE-43B8-8F78-F7214BDFA7A9}.Debug|Any CPU.ActiveCfg = Debug|Any CPU
		{8D4A3D7C-BDBE-43B8-8F78-F7214BDFA7A9}.Debug|Any CPU.Build.0 = Debug|Any CPU
		{8D4A3D7C-BDBE-43B8-8F78-F7214BDFA7A9}.Release|Any CPU.ActiveCfg = Release|Any CPU
		{8D4A3D7C-BDBE-43B8-8F78-F7214BDFA7A9}.Release|Any CPU.Build.0 = Release|Any CPU
	EndGlobalSection
	GlobalSection(SolutionProperties) = preSolution
		HideSolutionNode = FALSE
	EndGlobalSection
	GlobalSection(ExtensibilityGlobals) = postSolution
		SolutionGuid = {0E379E9E-4A75-45A2-A5D9-5ED66716B9F5}
	EndGlobalSection
EndGlobal
